// !$*UTF8*$!
{
	archiveVersion = 1;
	classes = {
	};
	objectVersion = 50;
	objects = {

/* Begin PBXBuildFile section */
		040271C3268FBB6D00281EC2 /* RSViewController.m in Sources */ = {isa = PBXBuildFile; fileRef = 040271C1268FBB6D00281EC2 /* RSViewController.m */; };
		040271C4268FBB6D00281EC2 /* RSViewController.xib in Resources */ = {isa = PBXBuildFile; fileRef = 040271C2268FBB6D00281EC2 /* RSViewController.xib */; };
		04B87B8A2690E48D008A5569 /* RSTextField.m in Sources */ = {isa = PBXBuildFile; fileRef = 04B87B892690E48D008A5569 /* RSTextField.m */; };
		04B87B8E2690F391008A5569 /* RSSecureView.m in Sources */ = {isa = PBXBuildFile; fileRef = 04B87B8D2690F391008A5569 /* RSSecureView.m */; };
		04B87B9226913A3E008A5569 /* RSButton.m in Sources */ = {isa = PBXBuildFile; fileRef = 04B87B9126913A3E008A5569 /* RSButton.m */; };
		04B87B9526913AAE008A5569 /* RSNumButton.m in Sources */ = {isa = PBXBuildFile; fileRef = 04B87B9426913AAE008A5569 /* RSNumButton.m */; };
		04B87B992691DB9A008A5569 /* ColorSet.m in Sources */ = {isa = PBXBuildFile; fileRef = 04B87B982691DB9A008A5569 /* ColorSet.m */; };
		04D9FD01268E89FB006DEF25 /* AppDelegate.m in Sources */ = {isa = PBXBuildFile; fileRef = 04D9FD00268E89FB006DEF25 /* AppDelegate.m */; };
		04D9FD0C268E89FC006DEF25 /* Assets.xcassets in Resources */ = {isa = PBXBuildFile; fileRef = 04D9FD0B268E89FC006DEF25 /* Assets.xcassets */; };
		04D9FD0F268E89FC006DEF25 /* LaunchScreen.storyboard in Resources */ = {isa = PBXBuildFile; fileRef = 04D9FD0D268E89FC006DEF25 /* LaunchScreen.storyboard */; };
		04D9FD12268E89FC006DEF25 /* main.m in Sources */ = {isa = PBXBuildFile; fileRef = 04D9FD11268E89FC006DEF25 /* main.m */; };
/* End PBXBuildFile section */

/* Begin PBXFileReference section */
		040271C0268FBB6D00281EC2 /* RSViewController.h */ = {isa = PBXFileReference; lastKnownFileType = sourcecode.c.h; path = RSViewController.h; sourceTree = "<group>"; };
		040271C1268FBB6D00281EC2 /* RSViewController.m */ = {isa = PBXFileReference; lastKnownFileType = sourcecode.c.objc; path = RSViewController.m; sourceTree = "<group>"; };
		040271C2268FBB6D00281EC2 /* RSViewController.xib */ = {isa = PBXFileReference; lastKnownFileType = file.xib; path = RSViewController.xib; sourceTree = "<group>"; };
		04B87B882690E48D008A5569 /* RSTextField.h */ = {isa = PBXFileReference; lastKnownFileType = sourcecode.c.h; path = RSTextField.h; sourceTree = "<group>"; };
		04B87B892690E48D008A5569 /* RSTextField.m */ = {isa = PBXFileReference; lastKnownFileType = sourcecode.c.objc; path = RSTextField.m; sourceTree = "<group>"; };
		04B87B8C2690F391008A5569 /* RSSecureView.h */ = {isa = PBXFileReference; lastKnownFileType = sourcecode.c.h; path = RSSecureView.h; sourceTree = "<group>"; };
		04B87B8D2690F391008A5569 /* RSSecureView.m */ = {isa = PBXFileReference; lastKnownFileType = sourcecode.c.objc; path = RSSecureView.m; sourceTree = "<group>"; };
		04B87B9026913A3E008A5569 /* RSButton.h */ = {isa = PBXFileReference; lastKnownFileType = sourcecode.c.h; path = RSButton.h; sourceTree = "<group>"; };
		04B87B9126913A3E008A5569 /* RSButton.m */ = {isa = PBXFileReference; lastKnownFileType = sourcecode.c.objc; path = RSButton.m; sourceTree = "<group>"; };
		04B87B9326913AAE008A5569 /* RSNumButton.h */ = {isa = PBXFileReference; lastKnownFileType = sourcecode.c.h; path = RSNumButton.h; sourceTree = "<group>"; };
		04B87B9426913AAE008A5569 /* RSNumButton.m */ = {isa = PBXFileReference; lastKnownFileType = sourcecode.c.objc; path = RSNumButton.m; sourceTree = "<group>"; };
		04B87B972691DB9A008A5569 /* ColorSet.h */ = {isa = PBXFileReference; lastKnownFileType = sourcecode.c.h; path = ColorSet.h; sourceTree = "<group>"; };
		04B87B982691DB9A008A5569 /* ColorSet.m */ = {isa = PBXFileReference; lastKnownFileType = sourcecode.c.objc; path = ColorSet.m; sourceTree = "<group>"; };
		04D9FCFC268E89FB006DEF25 /* rss.ios.stage2.task7.app */ = {isa = PBXFileReference; explicitFileType = wrapper.application; includeInIndex = 0; path = rss.ios.stage2.task7.app; sourceTree = BUILT_PRODUCTS_DIR; };
		04D9FCFF268E89FB006DEF25 /* AppDelegate.h */ = {isa = PBXFileReference; lastKnownFileType = sourcecode.c.h; path = AppDelegate.h; sourceTree = "<group>"; };
		04D9FD00268E89FB006DEF25 /* AppDelegate.m */ = {isa = PBXFileReference; lastKnownFileType = sourcecode.c.objc; path = AppDelegate.m; sourceTree = "<group>"; };
		04D9FD0B268E89FC006DEF25 /* Assets.xcassets */ = {isa = PBXFileReference; lastKnownFileType = folder.assetcatalog; path = Assets.xcassets; sourceTree = "<group>"; };
		04D9FD0E268E89FC006DEF25 /* Base */ = {isa = PBXFileReference; lastKnownFileType = file.storyboard; name = Base; path = Base.lproj/LaunchScreen.storyboard; sourceTree = "<group>"; };
		04D9FD10268E89FC006DEF25 /* Info.plist */ = {isa = PBXFileReference; lastKnownFileType = text.plist.xml; path = Info.plist; sourceTree = "<group>"; };
		04D9FD11268E89FC006DEF25 /* main.m */ = {isa = PBXFileReference; lastKnownFileType = sourcecode.c.objc; path = main.m; sourceTree = "<group>"; };
/* End PBXFileReference section */

/* Begin PBXFrameworksBuildPhase section */
		04D9FCF9268E89FB006DEF25 /* Frameworks */ = {
			isa = PBXFrameworksBuildPhase;
			buildActionMask = 2147483647;
			files = (
			);
			runOnlyForDeploymentPostprocessing = 0;
		};
/* End PBXFrameworksBuildPhase section */

/* Begin PBXGroup section */
		04B87B8B2690E495008A5569 /* CustomClasses */ = {
			isa = PBXGroup;
			children = (
				04B87B882690E48D008A5569 /* RSTextField.h */,
				04B87B892690E48D008A5569 /* RSTextField.m */,
				04B87B9026913A3E008A5569 /* RSButton.h */,
				04B87B9126913A3E008A5569 /* RSButton.m */,
				04B87B8C2690F391008A5569 /* RSSecureView.h */,
				04B87B8D2690F391008A5569 /* RSSecureView.m */,
				04B87B9326913AAE008A5569 /* RSNumButton.h */,
				04B87B9426913AAE008A5569 /* RSNumButton.m */,
			);
			path = CustomClasses;
			sourceTree = "<group>";
		};
		04B87B962691CE1B008A5569 /* ColorSet */ = {
			isa = PBXGroup;
			children = (
				04B87B972691DB9A008A5569 /* ColorSet.h */,
				04B87B982691DB9A008A5569 /* ColorSet.m */,
			);
			path = ColorSet;
			sourceTree = "<group>";
		};
		04D9FCF3268E89FB006DEF25 = {
			isa = PBXGroup;
			children = (
				04D9FCFE268E89FB006DEF25 /* rss.ios.stage2.task7 */,
				04D9FCFD268E89FB006DEF25 /* Products */,
			);
			sourceTree = "<group>";
		};
		04D9FCFD268E89FB006DEF25 /* Products */ = {
			isa = PBXGroup;
			children = (
				04D9FCFC268E89FB006DEF25 /* rss.ios.stage2.task7.app */,
			);
			name = Products;
			sourceTree = "<group>";
		};
		04D9FCFE268E89FB006DEF25 /* rss.ios.stage2.task7 */ = {
			isa = PBXGroup;
			children = (
				04B87B962691CE1B008A5569 /* ColorSet */,
				04B87B8B2690E495008A5569 /* CustomClasses */,
				04D9FCFF268E89FB006DEF25 /* AppDelegate.h */,
				04D9FD00268E89FB006DEF25 /* AppDelegate.m */,
				040271C0268FBB6D00281EC2 /* RSViewController.h */,
				040271C1268FBB6D00281EC2 /* RSViewController.m */,
				040271C2268FBB6D00281EC2 /* RSViewController.xib */,
				04D9FD0B268E89FC006DEF25 /* Assets.xcassets */,
				04D9FD0D268E89FC006DEF25 /* LaunchScreen.storyboard */,
				04D9FD10268E89FC006DEF25 /* Info.plist */,
				04D9FD11268E89FC006DEF25 /* main.m */,
			);
			path = rss.ios.stage2.task7;
			sourceTree = "<group>";
		};
/* End PBXGroup section */

/* Begin PBXNativeTarget section */
		04D9FCFB268E89FB006DEF25 /* rss.ios.stage2.task7 */ = {
			isa = PBXNativeTarget;
			buildConfigurationList = 04D9FD15268E89FC006DEF25 /* Build configuration list for PBXNativeTarget "rss.ios.stage2.task7" */;
			buildPhases = (
				04D9FCF8268E89FB006DEF25 /* Sources */,
				04D9FCF9268E89FB006DEF25 /* Frameworks */,
				04D9FCFA268E89FB006DEF25 /* Resources */,
			);
			buildRules = (
			);
			dependencies = (
			);
			name = rss.ios.stage2.task7;
			productName = rss.ios.stage2.task7;
			productReference = 04D9FCFC268E89FB006DEF25 /* rss.ios.stage2.task7.app */;
			productType = "com.apple.product-type.application";
		};
/* End PBXNativeTarget section */

/* Begin PBXProject section */
		04D9FCF4268E89FB006DEF25 /* Project object */ = {
			isa = PBXProject;
			attributes = {
				LastUpgradeCheck = 1250;
				TargetAttributes = {
					04D9FCFB268E89FB006DEF25 = {
						CreatedOnToolsVersion = 12.5;
					};
				};
			};
			buildConfigurationList = 04D9FCF7268E89FB006DEF25 /* Build configuration list for PBXProject "rss.ios.stage2.task7" */;
			compatibilityVersion = "Xcode 9.3";
			developmentRegion = en;
			hasScannedForEncodings = 0;
			knownRegions = (
				en,
				Base,
			);
			mainGroup = 04D9FCF3268E89FB006DEF25;
			productRefGroup = 04D9FCFD268E89FB006DEF25 /* Products */;
			projectDirPath = "";
			projectRoot = "";
			targets = (
				04D9FCFB268E89FB006DEF25 /* rss.ios.stage2.task7 */,
			);
		};
/* End PBXProject section */

/* Begin PBXResourcesBuildPhase section */
		04D9FCFA268E89FB006DEF25 /* Resources */ = {
			isa = PBXResourcesBuildPhase;
			buildActionMask = 2147483647;
			files = (
				04D9FD0F268E89FC006DEF25 /* LaunchScreen.storyboard in Resources */,
				040271C4268FBB6D00281EC2 /* RSViewController.xib in Resources */,
				04D9FD0C268E89FC006DEF25 /* Assets.xcassets in Resources */,
			);
			runOnlyForDeploymentPostprocessing = 0;
		};
/* End PBXResourcesBuildPhase section */

/* Begin PBXSourcesBuildPhase section */
		04D9FCF8268E89FB006DEF25 /* Sources */ = {
			isa = PBXSourcesBuildPhase;
			buildActionMask = 2147483647;
			files = (
				04B87B992691DB9A008A5569 /* ColorSet.m in Sources */,
				04B87B9526913AAE008A5569 /* RSNumButton.m in Sources */,
				04B87B8E2690F391008A5569 /* RSSecureView.m in Sources */,
				04D9FD01268E89FB006DEF25 /* AppDelegate.m in Sources */,
				04B87B9226913A3E008A5569 /* RSButton.m in Sources */,
				04D9FD12268E89FC006DEF25 /* main.m in Sources */,
				04B87B8A2690E48D008A5569 /* RSTextField.m in Sources */,
				040271C3268FBB6D00281EC2 /* RSViewController.m in Sources */,
			);
			runOnlyForDeploymentPostprocessing = 0;
		};
/* End PBXSourcesBuildPhase section */

/* Begin PBXVariantGroup section */
		04D9FD0D268E89FC006DEF25 /* LaunchScreen.storyboard */ = {
			isa = PBXVariantGroup;
			children = (
				04D9FD0E268E89FC006DEF25 /* Base */,
			);
			name = LaunchScreen.storyboard;
			sourceTree = "<group>";
		};
/* End PBXVariantGroup section */

/* Begin XCBuildConfiguration section */
		04D9FD13268E89FC006DEF25 /* Debug */ = {
			isa = XCBuildConfiguration;
			buildSettings = {
				ALWAYS_SEARCH_USER_PATHS = NO;
				CLANG_ANALYZER_NONNULL = YES;
				CLANG_ANALYZER_NUMBER_OBJECT_CONVERSION = YES_AGGRESSIVE;
				CLANG_CXX_LANGUAGE_STANDARD = "gnu++14";
				CLANG_CXX_LIBRARY = "libc++";
				CLANG_ENABLE_MODULES = YES;
				CLANG_ENABLE_OBJC_ARC = YES;
				CLANG_ENABLE_OBJC_WEAK = YES;
				CLANG_WARN_BLOCK_CAPTURE_AUTORELEASING = YES;
				CLANG_WARN_BOOL_CONVERSION = YES;
				CLANG_WARN_COMMA = YES;
				CLANG_WARN_CONSTANT_CONVERSION = YES;
				CLANG_WARN_DEPRECATED_OBJC_IMPLEMENTATIONS = YES;
				CLANG_WARN_DIRECT_OBJC_ISA_USAGE = YES_ERROR;
				CLANG_WARN_DOCUMENTATION_COMMENTS = YES;
				CLANG_WARN_EMPTY_BODY = YES;
				CLANG_WARN_ENUM_CONVERSION = YES;
				CLANG_WARN_INFINITE_RECURSION = YES;
				CLANG_WARN_INT_CONVERSION = YES;
				CLANG_WARN_NON_LITERAL_NULL_CONVERSION = YES;
				CLANG_WARN_OBJC_IMPLICIT_RETAIN_SELF = YES;
				CLANG_WARN_OBJC_LITERAL_CONVERSION = YES;
				CLANG_WARN_OBJC_ROOT_CLASS = YES_ERROR;
				CLANG_WARN_QUOTED_INCLUDE_IN_FRAMEWORK_HEADER = YES;
				CLANG_WARN_RANGE_LOOP_ANALYSIS = YES;
				CLANG_WARN_STRICT_PROTOTYPES = YES;
				CLANG_WARN_SUSPICIOUS_MOVE = YES;
				CLANG_WARN_UNGUARDED_AVAILABILITY = YES_AGGRESSIVE;
				CLANG_WARN_UNREACHABLE_CODE = YES;
				CLANG_WARN__DUPLICATE_METHOD_MATCH = YES;
				COPY_PHASE_STRIP = NO;
				DEBUG_INFORMATION_FORMAT = dwarf;
				ENABLE_STRICT_OBJC_MSGSEND = YES;
				ENABLE_TESTABILITY = YES;
				GCC_C_LANGUAGE_STANDARD = gnu11;
				GCC_DYNAMIC_NO_PIC = NO;
				GCC_NO_COMMON_BLOCKS = YES;
				GCC_OPTIMIZATION_LEVEL = 0;
				GCC_PREPROCESSOR_DEFINITIONS = (
					"DEBUG=1",
					"$(inherited)",
				);
				GCC_WARN_64_TO_32_BIT_CONVERSION = YES;
				GCC_WARN_ABOUT_RETURN_TYPE = YES_ERROR;
				GCC_WARN_UNDECLARED_SELECTOR = YES;
				GCC_WARN_UNINITIALIZED_AUTOS = YES_AGGRESSIVE;
				GCC_WARN_UNUSED_FUNCTION = YES;
				GCC_WARN_UNUSED_VARIABLE = YES;
				IPHONEOS_DEPLOYMENT_TARGET = 12.1;
				MTL_ENABLE_DEBUG_INFO = INCLUDE_SOURCE;
				MTL_FAST_MATH = YES;
				ONLY_ACTIVE_ARCH = YES;
				SDKROOT = iphoneos;
			};
			name = Debug;
		};
		04D9FD14268E89FC006DEF25 /* Release */ = {
			isa = XCBuildConfiguration;
			buildSettings = {
				ALWAYS_SEARCH_USER_PATHS = NO;
				CLANG_ANALYZER_NONNULL = YES;
				CLANG_ANALYZER_NUMBER_OBJECT_CONVERSION = YES_AGGRESSIVE;
				CLANG_CXX_LANGUAGE_STANDARD = "gnu++14";
				CLANG_CXX_LIBRARY = "libc++";
				CLANG_ENABLE_MODULES = YES;
				CLANG_ENABLE_OBJC_ARC = YES;
				CLANG_ENABLE_OBJC_WEAK = YES;
				CLANG_WARN_BLOCK_CAPTURE_AUTORELEASING = YES;
				CLANG_WARN_BOOL_CONVERSION = YES;
				CLANG_WARN_COMMA = YES;
				CLANG_WARN_CONSTANT_CONVERSION = YES;
				CLANG_WARN_DEPRECATED_OBJC_IMPLEMENTATIONS = YES;
				CLANG_WARN_DIRECT_OBJC_ISA_USAGE = YES_ERROR;
				CLANG_WARN_DOCUMENTATION_COMMENTS = YES;
				CLANG_WARN_EMPTY_BODY = YES;
				CLANG_WARN_ENUM_CONVERSION = YES;
				CLANG_WARN_INFINITE_RECURSION = YES;
				CLANG_WARN_INT_CONVERSION = YES;
				CLANG_WARN_NON_LITERAL_NULL_CONVERSION = YES;
				CLANG_WARN_OBJC_IMPLICIT_RETAIN_SELF = YES;
				CLANG_WARN_OBJC_LITERAL_CONVERSION = YES;
				CLANG_WARN_OBJC_ROOT_CLASS = YES_ERROR;
				CLANG_WARN_QUOTED_INCLUDE_IN_FRAMEWORK_HEADER = YES;
				CLANG_WARN_RANGE_LOOP_ANALYSIS = YES;
				CLANG_WARN_STRICT_PROTOTYPES = YES;
				CLANG_WARN_SUSPICIOUS_MOVE = YES;
				CLANG_WARN_UNGUARDED_AVAILABILITY = YES_AGGRESSIVE;
				CLANG_WARN_UNREACHABLE_CODE = YES;
				CLANG_WARN__DUPLICATE_METHOD_MATCH = YES;
				COPY_PHASE_STRIP = NO;
				DEBUG_INFORMATION_FORMAT = "dwarf-with-dsym";
				ENABLE_NS_ASSERTIONS = NO;
				ENABLE_STRICT_OBJC_MSGSEND = YES;
				GCC_C_LANGUAGE_STANDARD = gnu11;
				GCC_NO_COMMON_BLOCKS = YES;
				GCC_WARN_64_TO_32_BIT_CONVERSION = YES;
				GCC_WARN_ABOUT_RETURN_TYPE = YES_ERROR;
				GCC_WARN_UNDECLARED_SELECTOR = YES;
				GCC_WARN_UNINITIALIZED_AUTOS = YES_AGGRESSIVE;
				GCC_WARN_UNUSED_FUNCTION = YES;
				GCC_WARN_UNUSED_VARIABLE = YES;
				IPHONEOS_DEPLOYMENT_TARGET = 12.1;
				MTL_ENABLE_DEBUG_INFO = NO;
				MTL_FAST_MATH = YES;
				SDKROOT = iphoneos;
				VALIDATE_PRODUCT = YES;
			};
			name = Release;
		};
		04D9FD16268E89FC006DEF25 /* Debug */ = {
			isa = XCBuildConfiguration;
			buildSettings = {
				ASSETCATALOG_COMPILER_APPICON_NAME = AppIcon;
				ASSETCATALOG_COMPILER_GLOBAL_ACCENT_COLOR_NAME = AccentColor;
				CODE_SIGN_STYLE = Automatic;
				DEVELOPMENT_TEAM = V6TCBC57H7;
				INFOPLIST_FILE = rss.ios.stage2.task7/Info.plist;
				IPHONEOS_DEPLOYMENT_TARGET = 12.1;
				LD_RUNPATH_SEARCH_PATHS = (
					"$(inherited)",
					"@executable_path/Frameworks",
				);
				PRODUCT_BUNDLE_IDENTIFIER = "com.JackNightsky.rss-ios-stage2-task7";
				PRODUCT_NAME = "$(TARGET_NAME)";
				TARGETED_DEVICE_FAMILY = 1;
			};
			name = Debug;
		};
		04D9FD17268E89FC006DEF25 /* Release */ = {
			isa = XCBuildConfiguration;
			buildSettings = {
				ASSETCATALOG_COMPILER_APPICON_NAME = AppIcon;
				ASSETCATALOG_COMPILER_GLOBAL_ACCENT_COLOR_NAME = AccentColor;
				CODE_SIGN_STYLE = Automatic;
				DEVELOPMENT_TEAM = V6TCBC57H7;
				INFOPLIST_FILE = rss.ios.stage2.task7/Info.plist;
				IPHONEOS_DEPLOYMENT_TARGET = 12.1;
				LD_RUNPATH_SEARCH_PATHS = (
					"$(inherited)",
					"@executable_path/Frameworks",
				);
				PRODUCT_BUNDLE_IDENTIFIER = "com.JackNightsky.rss-ios-stage2-task7";
				PRODUCT_NAME = "$(TARGET_NAME)";
				TARGETED_DEVICE_FAMILY = 1;
			};
			name = Release;
		};
/* End XCBuildConfiguration section */

/* Begin XCConfigurationList section */
		04D9FCF7268E89FB006DEF25 /* Build configuration list for PBXProject "rss.ios.stage2.task7" */ = {
			isa = XCConfigurationList;
			buildConfigurations = (
				04D9FD13268E89FC006DEF25 /* Debug */,
				04D9FD14268E89FC006DEF25 /* Release */,
			);
			defaultConfigurationIsVisible = 0;
			defaultConfigurationName = Release;
		};
		04D9FD15268E89FC006DEF25 /* Build configuration list for PBXNativeTarget "rss.ios.stage2.task7" */ = {
			isa = XCConfigurationList;
			buildConfigurations = (
				04D9FD16268E89FC006DEF25 /* Debug */,
				04D9FD17268E89FC006DEF25 /* Release */,
			);
			defaultConfigurationIsVisible = 0;
			defaultConfigurationName = Release;
		};
/* End XCConfigurationList section */
	};
	rootObject = 04D9FCF4268E89FB006DEF25 /* Project object */;
}
